
Microsoft Visual Studio Solution File, Format Version 12.00
# Visual Studio 15
VisualStudioVersion = 15.0.28307.645
MinimumVisualStudioVersion = 10.0.40219.1
Project("{8BC9CEB8-8B4A-11D0-8D11-00A0C91BC942}") = "Stepik_IntroCpp", "Stepik_IntroCpp.vcxproj", "{903176DD-874A-4D5B-8FFB-6D2928B0F6CC}"
EndProject
Global
	GlobalSection(SolutionConfigurationPlatforms) = preSolution
		Debug|x64 = Debug|x64
		Debug|x86 = Debug|x86
		Release|x64 = Release|x64
		Release|x86 = Release|x86
	EndGlobalSection
	GlobalSection(ProjectConfigurationPlatforms) = postSolution
		{903176DD-874A-4D5B-8FFB-6D2928B0F6CC}.Debug|x64.ActiveCfg = Debug|x64
		{903176DD-874A-4D5B-8FFB-6D2928B0F6CC}.Debug|x64.Build.0 = Debug|x64
		{903176DD-874A-4D5B-8FFB-6D2928B0F6CC}.Debug|x86.ActiveCfg = Debug|Win32
		{903176DD-874A-4D5B-8FFB-6D2928B0F6CC}.Debug|x86.Build.0 = Debug|Win32
		{903176DD-874A-4D5B-8FFB-6D2928B0F6CC}.Release|x64.ActiveCfg = Release|x64
		{903176DD-874A-4D5B-8FFB-6D2928B0F6CC}.Release|x64.Build.0 = Release|x64
		{903176DD-874A-4D5B-8FFB-6D2928B0F6CC}.Release|x86.ActiveCfg = Release|Win32
		{903176DD-874A-4D5B-8FFB-6D2928B0F6CC}.Release|x86.Build.0 = Release|Win32
	EndGlobalSection
	GlobalSection(SolutionProperties) = preSolution
		HideSolutionNode = FALSE
	EndGlobalSection
	GlobalSection(ExtensibilityGlobals) = postSolution
		SolutionGuid = {44745AEB-1C1D-4C99-9A74-529145B199E1}
	EndGlobalSection
EndGlobal
